
Microsoft Visual Studio Solution File, Format Version 12.00
# Visual Studio Version 17
VisualStudioVersion = 17.7.34009.444
MinimumVisualStudioVersion = 10.0.40219.1
Project("{9A19103F-16F7-4668-BE54-9A1E7A4F7556}") = "2-dars", "2-dars\2-dars.csproj", "{83299DFE-52ED-4A97-B174-CE7F81A15937}"
EndProject
Project("{9A19103F-16F7-4668-BE54-9A1E7A4F7556}") = "3-dars", "3-dars\3-dars.csproj", "{7A99B2E9-4363-45C6-AB7E-980FF6B61232}"
EndProject
Project("{9A19103F-16F7-4668-BE54-9A1E7A4F7556}") = "4-dars", "4-dars\4-dars.csproj", "{8856CCCD-DA58-4D03-99FF-FD954147F413}"
EndProject
Project("{9A19103F-16F7-4668-BE54-9A1E7A4F7556}") = "5-dars", "5-dars\5-dars.csproj", "{12BC03D0-FF59-4C6F-8816-898BF01AEE97}"
EndProject
Project("{9A19103F-16F7-4668-BE54-9A1E7A4F7556}") = "6-dars", "6-dars\6-dars.csproj", "{13478E58-A204-4FD1-AAC6-3625F9CA05A8}"
EndProject
Project("{9A19103F-16F7-4668-BE54-9A1E7A4F7556}") = "7-dars", "7-dars\7-dars.csproj", "{7C566CE8-5B23-4868-AF92-BD7AAF6F8FEE}"
EndProject
Project("{9A19103F-16F7-4668-BE54-9A1E7A4F7556}") = "8-dars", "8-dars kirish\8-dars.csproj", "{F453E889-2FC4-490E-B56F-63CBE9A28F85}"
EndProject
Project("{9A19103F-16F7-4668-BE54-9A1E7A4F7556}") = "9-dars", "9-dars\9-dars.csproj", "{BECC9E93-0851-429A-B22E-0AE4E555C6CE}"
EndProject
Project("{9A19103F-16F7-4668-BE54-9A1E7A4F7556}") = "10-dars", "10-dars\10-dars.csproj", "{DA51AB19-95A0-41AB-B0C2-34EDB1E4E9F5}"
EndProject
Project("{9A19103F-16F7-4668-BE54-9A1E7A4F7556}") = "11-dars", "11-dars\11-dars.csproj", "{6FDFC8B3-76C5-4C2E-9AFC-7A29A92A7959}"
EndProject
Project("{9A19103F-16F7-4668-BE54-9A1E7A4F7556}") = "12-dars", "12-dars\12-dars.csproj", "{9ED08703-2676-4E26-A13F-34192B83DA80}"
EndProject
Project("{9A19103F-16F7-4668-BE54-9A1E7A4F7556}") = "13-dars", "13-dars\13-dars.csproj", "{8F3A163D-C84B-4AC8-9436-25AA88F494C7}"
EndProject
Project("{9A19103F-16F7-4668-BE54-9A1E7A4F7556}") = "14-dars", "14-dars\14-dars.csproj", "{F84B0F7E-D305-405A-9A6A-FE0DBCCEE619}"
EndProject
Project("{9A19103F-16F7-4668-BE54-9A1E7A4F7556}") = "15-dars", "15-dars\15-dars.csproj", "{8728F34A-CEC8-4023-8E58-9435194F7011}"
EndProject
Project("{FAE04EC0-301F-11D3-BF4B-00C04F79EFBC}") = "16-dars", "16-dars\16-dars.csproj", "{0015A136-4E87-47EB-A5DD-436FF84D499F}"
EndProject
Global
	GlobalSection(SolutionConfigurationPlatforms) = preSolution
		Debug|Any CPU = Debug|Any CPU
		Release|Any CPU = Release|Any CPU
	EndGlobalSection
	GlobalSection(ProjectConfigurationPlatforms) = postSolution
		{83299DFE-52ED-4A97-B174-CE7F81A15937}.Debug|Any CPU.ActiveCfg = Debug|Any CPU
		{83299DFE-52ED-4A97-B174-CE7F81A15937}.Debug|Any CPU.Build.0 = Debug|Any CPU
		{83299DFE-52ED-4A97-B174-CE7F81A15937}.Release|Any CPU.ActiveCfg = Release|Any CPU
		{83299DFE-52ED-4A97-B174-CE7F81A15937}.Release|Any CPU.Build.0 = Release|Any CPU
		{7A99B2E9-4363-45C6-AB7E-980FF6B61232}.Debug|Any CPU.ActiveCfg = Debug|Any CPU
		{7A99B2E9-4363-45C6-AB7E-980FF6B61232}.Debug|Any CPU.Build.0 = Debug|Any CPU
		{7A99B2E9-4363-45C6-AB7E-980FF6B61232}.Release|Any CPU.ActiveCfg = Release|Any CPU
		{7A99B2E9-4363-45C6-AB7E-980FF6B61232}.Release|Any CPU.Build.0 = Release|Any CPU
		{8856CCCD-DA58-4D03-99FF-FD954147F413}.Debug|Any CPU.ActiveCfg = Debug|Any CPU
		{8856CCCD-DA58-4D03-99FF-FD954147F413}.Debug|Any CPU.Build.0 = Debug|Any CPU
		{8856CCCD-DA58-4D03-99FF-FD954147F413}.Release|Any CPU.ActiveCfg = Release|Any CPU
		{8856CCCD-DA58-4D03-99FF-FD954147F413}.Release|Any CPU.Build.0 = Release|Any CPU
		{12BC03D0-FF59-4C6F-8816-898BF01AEE97}.Debug|Any CPU.ActiveCfg = Debug|Any CPU
		{12BC03D0-FF59-4C6F-8816-898BF01AEE97}.Debug|Any CPU.Build.0 = Debug|Any CPU
		{12BC03D0-FF59-4C6F-8816-898BF01AEE97}.Release|Any CPU.ActiveCfg = Release|Any CPU
		{12BC03D0-FF59-4C6F-8816-898BF01AEE97}.Release|Any CPU.Build.0 = Release|Any CPU
		{13478E58-A204-4FD1-AAC6-3625F9CA05A8}.Debug|Any CPU.ActiveCfg = Debug|Any CPU
		{13478E58-A204-4FD1-AAC6-3625F9CA05A8}.Debug|Any CPU.Build.0 = Debug|Any CPU
		{13478E58-A204-4FD1-AAC6-3625F9CA05A8}.Release|Any CPU.ActiveCfg = Release|Any CPU
		{13478E58-A204-4FD1-AAC6-3625F9CA05A8}.Release|Any CPU.Build.0 = Release|Any CPU
		{7C566CE8-5B23-4868-AF92-BD7AAF6F8FEE}.Debug|Any CPU.ActiveCfg = Debug|Any CPU
		{7C566CE8-5B23-4868-AF92-BD7AAF6F8FEE}.Debug|Any CPU.Build.0 = Debug|Any CPU
		{7C566CE8-5B23-4868-AF92-BD7AAF6F8FEE}.Release|Any CPU.ActiveCfg = Release|Any CPU
		{7C566CE8-5B23-4868-AF92-BD7AAF6F8FEE}.Release|Any CPU.Build.0 = Release|Any CPU
		{F453E889-2FC4-490E-B56F-63CBE9A28F85}.Debug|Any CPU.ActiveCfg = Debug|Any CPU
		{F453E889-2FC4-490E-B56F-63CBE9A28F85}.Debug|Any CPU.Build.0 = Debug|Any CPU
		{F453E889-2FC4-490E-B56F-63CBE9A28F85}.Release|Any CPU.ActiveCfg = Release|Any CPU
		{F453E889-2FC4-490E-B56F-63CBE9A28F85}.Release|Any CPU.Build.0 = Release|Any CPU
		{BECC9E93-0851-429A-B22E-0AE4E555C6CE}.Debug|Any CPU.ActiveCfg = Debug|Any CPU
		{BECC9E93-0851-429A-B22E-0AE4E555C6CE}.Debug|Any CPU.Build.0 = Debug|Any CPU
		{BECC9E93-0851-429A-B22E-0AE4E555C6CE}.Release|Any CPU.ActiveCfg = Release|Any CPU
		{BECC9E93-0851-429A-B22E-0AE4E555C6CE}.Release|Any CPU.Build.0 = Release|Any CPU
		{DA51AB19-95A0-41AB-B0C2-34EDB1E4E9F5}.Debug|Any CPU.ActiveCfg = Debug|Any CPU
		{DA51AB19-95A0-41AB-B0C2-34EDB1E4E9F5}.Debug|Any CPU.Build.0 = Debug|Any CPU
		{DA51AB19-95A0-41AB-B0C2-34EDB1E4E9F5}.Release|Any CPU.ActiveCfg = Release|Any CPU
		{DA51AB19-95A0-41AB-B0C2-34EDB1E4E9F5}.Release|Any CPU.Build.0 = Release|Any CPU
		{6FDFC8B3-76C5-4C2E-9AFC-7A29A92A7959}.Debug|Any CPU.ActiveCfg = Debug|Any CPU
		{6FDFC8B3-76C5-4C2E-9AFC-7A29A92A7959}.Debug|Any CPU.Build.0 = Debug|Any CPU
		{6FDFC8B3-76C5-4C2E-9AFC-7A29A92A7959}.Release|Any CPU.ActiveCfg = Release|Any CPU
		{6FDFC8B3-76C5-4C2E-9AFC-7A29A92A7959}.Release|Any CPU.Build.0 = Release|Any CPU
		{9ED08703-2676-4E26-A13F-34192B83DA80}.Debug|Any CPU.ActiveCfg = Debug|Any CPU
		{9ED08703-2676-4E26-A13F-34192B83DA80}.Debug|Any CPU.Build.0 = Debug|Any CPU
		{9ED08703-2676-4E26-A13F-34192B83DA80}.Release|Any CPU.ActiveCfg = Release|Any CPU
		{9ED08703-2676-4E26-A13F-34192B83DA80}.Release|Any CPU.Build.0 = Release|Any CPU
		{8F3A163D-C84B-4AC8-9436-25AA88F494C7}.Debug|Any CPU.ActiveCfg = Debug|Any CPU
		{8F3A163D-C84B-4AC8-9436-25AA88F494C7}.Debug|Any CPU.Build.0 = Debug|Any CPU
		{8F3A163D-C84B-4AC8-9436-25AA88F494C7}.Release|Any CPU.ActiveCfg = Release|Any CPU
		{8F3A163D-C84B-4AC8-9436-25AA88F494C7}.Release|Any CPU.Build.0 = Release|Any CPU
		{F84B0F7E-D305-405A-9A6A-FE0DBCCEE619}.Debug|Any CPU.ActiveCfg = Debug|Any CPU
		{F84B0F7E-D305-405A-9A6A-FE0DBCCEE619}.Debug|Any CPU.Build.0 = Debug|Any CPU
		{F84B0F7E-D305-405A-9A6A-FE0DBCCEE619}.Release|Any CPU.ActiveCfg = Release|Any CPU
		{F84B0F7E-D305-405A-9A6A-FE0DBCCEE619}.Release|Any CPU.Build.0 = Release|Any CPU
		{8728F34A-CEC8-4023-8E58-9435194F7011}.Debug|Any CPU.ActiveCfg = Debug|Any CPU
		{8728F34A-CEC8-4023-8E58-9435194F7011}.Debug|Any CPU.Build.0 = Debug|Any CPU
		{8728F34A-CEC8-4023-8E58-9435194F7011}.Release|Any CPU.ActiveCfg = Release|Any CPU
		{8728F34A-CEC8-4023-8E58-9435194F7011}.Release|Any CPU.Build.0 = Release|Any CPU
		{0015A136-4E87-47EB-A5DD-436FF84D499F}.Debug|Any CPU.ActiveCfg = Debug|Any CPU
		{0015A136-4E87-47EB-A5DD-436FF84D499F}.Debug|Any CPU.Build.0 = Debug|Any CPU
		{0015A136-4E87-47EB-A5DD-436FF84D499F}.Release|Any CPU.ActiveCfg = Release|Any CPU
		{0015A136-4E87-47EB-A5DD-436FF84D499F}.Release|Any CPU.Build.0 = Release|Any CPU
	EndGlobalSection
	GlobalSection(SolutionProperties) = preSolution
		HideSolutionNode = FALSE
	EndGlobalSection
	GlobalSection(ExtensibilityGlobals) = postSolution
		SolutionGuid = {4C03D02A-EF39-4070-83FB-5FE049179C34}
	EndGlobalSection
EndGlobal
